# This file was autogenerated by Stack.
# You should not edit this file by hand.
# For more information, please see the documentation at:
#   https://docs.haskellstack.org/en/stable/lock_files

packages:
- completed:
    name: quickcheck-arbitrary-template
    version: 0.2.0.0
    git: https://github.com/bitemyapp/quickcheck-arbitrary-template.git
    pantry-tree:
      size: 859
      sha256: a6c70780465af154ada9481c0a5ffcda1b069d249522634c578218c3c390cbf1
    commit: bf9cee96a88ecce2ff920ce74c166a38712e5ed2
  original:
    git: https://github.com/bitemyapp/quickcheck-arbitrary-template.git
    commit: bf9cee96a88ecce2ff920ce74c166a38712e5ed2
- completed:
    hackage: quickcheck-properties-0.1@sha256:3bd0890e84ec4cf1c1e6e475152c2c0d7c85915a051cf4e8bf9ec70c32df735c,1268
    pantry-tree:
      size: 550
      sha256: 12264d8a89883b42e78c313792f8cba9af51c8fda915fce34e9780ff6972cf7e
  original:
    hackage: quickcheck-properties-0.1
snapshots:
- completed:
    size: 585392
    url: https://raw.githubusercontent.com/commercialhaskell/stackage-snapshots/master/lts/18/1.yaml
    sha256: 4e4c5e435a2f1c6f3c650f282db0f387f806406ed4fe6ef1aa4e6add9035d065
  original: lts-18.1
